
Microsoft Visual Studio Solution File, Format Version 12.00
# Visual Studio Version 17
VisualStudioVersion = 17.10.35013.160
MinimumVisualStudioVersion = 10.0.40219.1
Project("{FAE04EC0-301F-11D3-BF4B-00C04F79EFBC}") = "APITodos", "APITodos\APITodos.csproj", "{EB1122F3-CADD-4195-B1D3-4566496E55B3}"
EndProject
Global
	GlobalSection(SolutionConfigurationPlatforms) = preSolution
		Debug|Any CPU = Debug|Any CPU
		Release|Any CPU = Release|Any CPU
	EndGlobalSection
	GlobalSection(ProjectConfigurationPlatforms) = postSolution
		{EB1122F3-CADD-4195-B1D3-4566496E55B3}.Debug|Any CPU.ActiveCfg = Debug|Any CPU
		{EB1122F3-CADD-4195-B1D3-4566496E55B3}.Debug|Any CPU.Build.0 = Debug|Any CPU
		{EB1122F3-CADD-4195-B1D3-4566496E55B3}.Release|Any CPU.ActiveCfg = Release|Any CPU
		{EB1122F3-CADD-4195-B1D3-4566496E55B3}.Release|Any CPU.Build.0 = Release|Any CPU
	EndGlobalSection
	GlobalSection(SolutionProperties) = preSolution
		HideSolutionNode = FALSE
	EndGlobalSection
	GlobalSection(ExtensibilityGlobals) = postSolution
		SolutionGuid = {5564782D-62DF-4EB1-822B-4D87343EB013}
	EndGlobalSection
EndGlobal
